
Microsoft Visual Studio Solution File, Format Version 12.00
# Visual Studio Version 16
VisualStudioVersion = 16.0.29503.13
MinimumVisualStudioVersion = 10.0.40219.1
Project("{9A19103F-16F7-4668-BE54-9A1E7A4F7556}") = "Publisher", "Publisher\Publisher.csproj", "{ACEC8AA0-47B7-4E6C-AFEE-8C779EBEB78B}"
EndProject
Global
	GlobalSection(SolutionConfigurationPlatforms) = preSolution
		Debug|Any CPU = Debug|Any CPU
		Release|Any CPU = Release|Any CPU
	EndGlobalSection
	GlobalSection(ProjectConfigurationPlatforms) = postSolution
		{ACEC8AA0-47B7-4E6C-AFEE-8C779EBEB78B}.Debug|Any CPU.ActiveCfg = Debug|Any CPU
		{ACEC8AA0-47B7-4E6C-AFEE-8C779EBEB78B}.Debug|Any CPU.Build.0 = Debug|Any CPU
		{ACEC8AA0-47B7-4E6C-AFEE-8C779EBEB78B}.Release|Any CPU.ActiveCfg = Release|Any CPU
		{ACEC8AA0-47B7-4E6C-AFEE-8C779EBEB78B}.Release|Any CPU.Build.0 = Release|Any CPU
	EndGlobalSection
	GlobalSection(SolutionProperties) = preSolution
		HideSolutionNode = FALSE
	EndGlobalSection
	GlobalSection(ExtensibilityGlobals) = postSolution
		SolutionGuid = {31E06F97-673A-4E8B-847A-0915D811385D}
	EndGlobalSection
EndGlobal
